{
  "name": "demo",
  "version": "1.0.0",
  "lockfileVersion": 1,
  "requires": true,
  "dependencies": {
    "@polymer/decorators": {
      "version": "3.0.0",
      "resolved": "https://registry.npmjs.org/@polymer/decorators/-/decorators-3.0.0.tgz",
      "integrity": "sha512-qh+VID9nDV9q3ABvIfWgm7/+udl7v2HKsMLPXFm8tj1fI7qr7yWJMFwS3xWBkMmuNPtmkS8MDP0vqLAQIEOWzg==",
      "requires": {
        "@polymer/polymer": "^3.0.5"
      }
    },
    "@polymer/font-roboto": {
      "version": "3.0.0-pre.21",
      "resolved": "https://registry.npmjs.org/@polymer/font-roboto/-/font-roboto-3.0.0-pre.21.tgz",
      "integrity": "sha512-1DnYDaoyTeSmZzocj7jhHS8tM1j+FJNTrMEOyudLKF8sqGzmlz48XyMRbt4RL4pO9szz5vJ8xhS+4WUPHFj9OA=="
    },
    "@polymer/iron-a11y-announcer": {
      "version": "3.0.0-pre.21",
      "resolved": "https://registry.npmjs.org/@polymer/iron-a11y-announcer/-/iron-a11y-announcer-3.0.0-pre.21.tgz",
      "integrity": "sha512-n35ck7y5aQweRxK2JvEe7sFE/LbUd/b5EW8tYPa/96iZw1qcTHWtIKdMJjDH18YroKVFH4Ncz4/0Xg7GChLhvA==",
      "requires": {
        "@polymer/polymer": "^3.0.0"
      }
    },
    "@polymer/iron-a11y-keys-behavior": {
      "version": "3.0.0-pre.21",
      "resolved": "https://registry.npmjs.org/@polymer/iron-a11y-keys-behavior/-/iron-a11y-keys-behavior-3.0.0-pre.21.tgz",
      "integrity": "sha512-fdADeKVQsZ7Izg5H6pOM9VVFWMTVUGgMfGr6jzEW0ehZT6N7bTzBIjft2r8sh3qSx2zCUxQEgUUDoeXE9/yROA==",
      "requires": {
        "@polymer/polymer": "^3.0.0"
      }
    },
    "@polymer/iron-autogrow-textarea": {
      "version": "3.0.0-pre.21",
      "resolved": "https://registry.npmjs.org/@polymer/iron-autogrow-textarea/-/iron-autogrow-textarea-3.0.0-pre.21.tgz",
      "integrity": "sha512-sMpNcSeq0lR54y4K+tWbK6WI1e8Fbl7JRXWfIOFQuggzKRQf/snSpTTJicgGRgDmctt7kNQOh/r1XQelLdPcZg==",
      "requires": {
        "@polymer/iron-behaviors": "^3.0.0-pre.21",
        "@polymer/iron-flex-layout": "^3.0.0-pre.21",
        "@polymer/iron-validatable-behavior": "^3.0.0-pre.21",
        "@polymer/polymer": "^3.0.0"
      }
    },
    "@polymer/iron-behaviors": {
      "version": "3.0.0-pre.21",
      "resolved": "https://registry.npmjs.org/@polymer/iron-behaviors/-/iron-behaviors-3.0.0-pre.21.tgz",
      "integrity": "sha512-sxdLri6CMNs6kty8sPDYGuAX9LofbEn2r/qI3QkJZUXFZhZUSGwCmoDt9yMWffNSamUsEDURLafYW09jOEhtRQ==",
      "requires": {
        "@polymer/iron-a11y-keys-behavior": "^3.0.0-pre.21",
        "@polymer/polymer": "^3.0.0"
      }
    },
    "@polymer/iron-checked-element-behavior": {
      "version": "3.0.0-pre.21",
      "resolved": "https://registry.npmjs.org/@polymer/iron-checked-element-behavior/-/iron-checked-element-behavior-3.0.0-pre.21.tgz",
      "integrity": "sha512-ZpyKomXudcOM1vGvfqwFkrlTumChStbNy5rRFKbdCbsUeZsXV83LIHfkXxMhJJ5hEIExvK4pDcnv/wEdFggXPQ==",
      "requires": {
        "@polymer/iron-form-element-behavior": "^3.0.0-pre.21",
        "@polymer/iron-validatable-behavior": "^3.0.0-pre.21",
        "@polymer/polymer": "^3.0.0"
      }
    },
    "@polymer/iron-flex-layout": {
      "version": "3.0.0-pre.21",
      "resolved": "https://registry.npmjs.org/@polymer/iron-flex-layout/-/iron-flex-layout-3.0.0-pre.21.tgz",
      "integrity": "sha512-/GFBWLBhpzycXmdyS+rzQxCa/ssCX5ZGEa0M/oMRsUK/hUKrj/XBNNYZ3BlyHf2NHELNqnwZLcIZB5EPjA0uwg==",
      "requires": {
        "@polymer/polymer": "^3.0.0"
      }
    },
    "@polymer/iron-form-element-behavior": {
      "version": "3.0.0-pre.21",
      "resolved": "https://registry.npmjs.org/@polymer/iron-form-element-behavior/-/iron-form-element-behavior-3.0.0-pre.21.tgz",
      "integrity": "sha512-E9oS0ryZw7FPQ/XMmBaKScyv8l/z86kKpIfXm+WLbqapu5FIuNE54z/73QUs5uoKI+H8gR9UL48mzZGCiGEMDw==",
      "requires": {
        "@polymer/polymer": "^3.0.0"
      }
    },
    "@polymer/iron-input": {
      "version": "3.0.0-pre.21",
      "resolved": "https://registry.npmjs.org/@polymer/iron-input/-/iron-input-3.0.0-pre.21.tgz",
      "integrity": "sha512-76XxEoP6rugsEma+V1nIV8Nd76hqhseQ+bBf6Sgda69bUvanxCmVs4TOVXSnh3SnfptBUfENVws3akJKrTgoLg==",
      "requires": {
        "@polymer/iron-a11y-announcer": "^3.0.0-pre.21",
        "@polymer/iron-validatable-behavior": "^3.0.0-pre.21",
        "@polymer/polymer": "^3.0.0"
      }
    },
    "@polymer/iron-meta": {
      "version": "3.0.0-pre.21",
      "resolved": "https://registry.npmjs.org/@polymer/iron-meta/-/iron-meta-3.0.0-pre.21.tgz",
      "integrity": "sha512-RR24zD2t4rSJyjisMo5Cfy200FFYrsmRDZSX8wk1JdaDHVWLgq9DM1aa7/B7WI7sEWkckzVZPBthRFVB+PmVwA==",
      "requires": {
        "@polymer/polymer": "^3.0.0"
      }
    },
    "@polymer/iron-validatable-behavior": {
      "version": "3.0.0-pre.21",
      "resolved": "https://registry.npmjs.org/@polymer/iron-validatable-behavior/-/iron-validatable-behavior-3.0.0-pre.21.tgz",
      "integrity": "sha512-G4yxCe2xp9+jJ0MkjqC26MKo1FqsvUrnmqpCtJiVBLlpZEUx1b2lZz2ZzynXpnisg9EuZ3xtHtOge5UFTNoG+w==",
      "requires": {
        "@polymer/iron-meta": "^3.0.0-pre.21",
        "@polymer/polymer": "^3.0.0"
      }
    },
    "@polymer/paper-behaviors": {
      "version": "3.0.0-pre.21",
      "resolved": "https://registry.npmjs.org/@polymer/paper-behaviors/-/paper-behaviors-3.0.0-pre.21.tgz",
      "integrity": "sha512-CiS/1K9b+b5qxpykr5P/ZeO5le06H7aaR/ymPWJ/m0ioFcSyzRPWlEwjDwiqqCBCmwmdsLXvLYmB2Z6oLiXqPQ==",
      "requires": {
        "@polymer/iron-behaviors": "^3.0.0-pre.21",
        "@polymer/iron-checked-element-behavior": "^3.0.0-pre.21",
        "@polymer/paper-ripple": "^3.0.0-pre.21",
        "@polymer/polymer": "^3.0.0"
      }
    },
    "@polymer/paper-button": {
      "version": "3.0.0-pre.21",
      "resolved": "https://registry.npmjs.org/@polymer/paper-button/-/paper-button-3.0.0-pre.21.tgz",
      "integrity": "sha512-V4GBy/3MK0uA3XRwds87XxCCGVUdsSi4gzCw4wBXtJdPF/nUr/mWPgUcQO7bx4Yz7Bih7PxYcRPSPN5lucMjRw==",
      "requires": {
        "@polymer/iron-flex-layout": "^3.0.0-pre.21",
        "@polymer/paper-behaviors": "^3.0.0-pre.21",
        "@polymer/paper-styles": "^3.0.0-pre.21",
        "@polymer/polymer": "^3.0.0"
      }
    },
    "@polymer/paper-input": {
      "version": "3.0.0-pre.21",
      "resolved": "https://registry.npmjs.org/@polymer/paper-input/-/paper-input-3.0.0-pre.21.tgz",
      "integrity": "sha512-xBRiy9QHS47Yfkv+242qRr1KFvoI1t7VS6kl+fr/pF3fS4WCT4T0oNOaDoOaj7iMmGSRPOgE2Y2+0FC0pl2yIw==",
      "requires": {
        "@polymer/iron-a11y-keys-behavior": "^3.0.0-pre.21",
        "@polymer/iron-autogrow-textarea": "^3.0.0-pre.21",
        "@polymer/iron-behaviors": "^3.0.0-pre.21",
        "@polymer/iron-form-element-behavior": "^3.0.0-pre.21",
        "@polymer/iron-input": "^3.0.0-pre.21",
        "@polymer/paper-styles": "^3.0.0-pre.21",
        "@polymer/polymer": "^3.0.0"
      }
    },
    "@polymer/paper-ripple": {
      "version": "3.0.0-pre.21",
      "resolved": "https://registry.npmjs.org/@polymer/paper-ripple/-/paper-ripple-3.0.0-pre.21.tgz",
      "integrity": "sha512-qqNdU1/57WtMr+3NiAVI2zXw4LrEX9QD9jwifIgJXWj+lqe0YMeKrXOvCYHvV8nv9Owq7dRGvhOXM++E+imoLQ==",
      "requires": {
        "@polymer/iron-a11y-keys-behavior": "^3.0.0-pre.21",
        "@polymer/polymer": "^3.0.0"
      }
    },
    "@polymer/paper-styles": {
      "version": "3.0.0-pre.21",
      "resolved": "https://registry.npmjs.org/@polymer/paper-styles/-/paper-styles-3.0.0-pre.21.tgz",
      "integrity": "sha512-GJB0EirkY17N05kbTMDa8aABvQ2GIE95LMt7aOy16VG6sjh1TFS0gUOnoGgHA7ZUUZsOP3BdNqxKYzgQ+9m/GA==",
      "requires": {
        "@polymer/font-roboto": "^3.0.0-pre.21",
        "@polymer/iron-flex-layout": "^3.0.0-pre.21",
        "@polymer/polymer": "^3.0.0"
      }
    },
    "@polymer/polymer": {
      "version": "3.0.5",
      "resolved": "https://registry.npmjs.org/@polymer/polymer/-/polymer-3.0.5.tgz",
      "integrity": "sha512-Zbmhtr5vZ3NoHWwFYLKI4ff7yfE6DZopI8vaS7HvmUIuNqsv/EpEDXfNEYjqePQmkMX5LU9OIKV1eX/+9aveow==",
      "requires": {
        "@webcomponents/shadycss": "^1.2.0"
      }
    },
    "@webcomponents/shadycss": {
      "version": "1.4.0",
      "resolved": "https://registry.npmjs.org/@webcomponents/shadycss/-/shadycss-1.4.0.tgz",
      "integrity": "sha512-/OK+M06S9YbnTXAHm1QtHhONo0msBej/V84x3ZpSV+sJa1jp/FfOv0mW0IWdluU94QlVrPnJxK2t+Czggfivig=="
    },
    "@webcomponents/webcomponentsjs": {
      "version": "2.0.4",
      "resolved": "https://registry.npmjs.org/@webcomponents/webcomponentsjs/-/webcomponentsjs-2.0.4.tgz",
      "integrity": "sha512-wzPSTmwjAd/0oKW36Yi+cB/BmDrHhcHqGlbqqMjrbPIFkt5Mw7wtvEZQouCrQyBNnRquUhRnSWIBrRijHNBBKg=="
    },
    "babel-polyfill": {
      "version": "6.26.0",
      "resolved": "https://registry.npmjs.org/babel-polyfill/-/babel-polyfill-6.26.0.tgz",
      "integrity": "sha1-N5k3q8Z9eJWXCtxiHyhM2WbPIVM=",
      "requires": {
        "babel-runtime": "^6.26.0",
        "core-js": "^2.5.0",
        "regenerator-runtime": "^0.10.5"
      }
    },
    "babel-runtime": {
      "version": "6.26.0",
      "resolved": "https://registry.npmjs.org/babel-runtime/-/babel-runtime-6.26.0.tgz",
      "integrity": "sha1-llxwWGaOgrVde/4E/yM3vItWR/4=",
      "requires": {
        "core-js": "^2.4.0",
        "regenerator-runtime": "^0.11.0"
      },
      "dependencies": {
        "regenerator-runtime": {
          "version": "0.11.1",
          "resolved": "https://registry.npmjs.org/regenerator-runtime/-/regenerator-runtime-0.11.1.tgz",
          "integrity": "sha512-MguG95oij0fC3QV3URf4V2SDYGJhJnJGqvIIgdECeODCT98wSWDAJ94SSuVpYQUoTcGUIL6L4yNB7j1DFFHSBg=="
        }
      }
    },
    "core-js": {
      "version": "2.5.7",
      "resolved": "https://registry.npmjs.org/core-js/-/core-js-2.5.7.tgz",
      "integrity": "sha512-RszJCAxg/PP6uzXVXL6BsxSXx/B05oJAQ2vkJRjyjrEcNVycaqOmNb5OTxZPE3xa5gwZduqza6L9JOCenh/Ecw=="
    },
    "jwt-decode": {
      "version": "2.2.0",
      "resolved": "https://registry.npmjs.org/jwt-decode/-/jwt-decode-2.2.0.tgz",
      "integrity": "sha1-fYa9VmefWM5qhHBKZX3TkruoGnk="
    },
    "lss-user-manager": {
      "version": "file:lss-user-manager-7.0.0.tgz",
      "integrity": "sha512-pONavjX/A++kiUqnCYyVko29JDMbO2DU8g+b1fRif/1S5gk1tXZ5itxtV8elJls8rZOCVapLUUT5AoYOs4uuUw==",
      "requires": {
        "@polymer/decorators": "^3.0.0",
        "@polymer/polymer": "^3.0.5",
        "jwt-decode": "^2.2.0"
      }
    },
    "regenerator-runtime": {
      "version": "0.10.5",
      "resolved": "https://registry.npmjs.org/regenerator-runtime/-/regenerator-runtime-0.10.5.tgz",
      "integrity": "sha1-M2w+/BIgrc7dosn6tntaeVWjNlg="
    },
    "whatwg-fetch": {
      "version": "2.0.4",
      "resolved": "https://registry.npmjs.org/whatwg-fetch/-/whatwg-fetch-2.0.4.tgz",
      "integrity": "sha512-dcQ1GWpOD/eEQ97k66aiEVpNnapVj90/+R+SXTPYGHpYBBypfKJEQjLrvMZ7YXbKm21gXd4NcuxUTjiv1YtLng=="
    }
  }
}
